{
    "_meta": {
        "hash": {
            "sha256": "2126a29fbbdec905b7a3474ee2bb4d2f839f057d84e01e3eb27b7e14f3bdd319"
        },
        "pipfile-spec": 6,
        "requires": {
            "python_version": "3.8"
        },
        "sources": [
            {
                "name": "pypi",
                "url": "https://pypi.org/simple",
                "verify_ssl": true
            }
        ]
    },
    "default": {
        "atomicwrites": {
            "hashes": [
                "sha256:03472c30eb2c5d1ba9227e4c2ca66ab8287fbfbbda3888aa93dc2e28fc6811b4",
                "sha256:75a9445bac02d8d058d5e1fe689654ba5a6556a1dfd8ce6ec55a0ed79866cfa6"
            ],
            "version": "==1.3.0"
        },
        "attrs": {
            "hashes": [
                "sha256:08a96c641c3a74e44eb59afb61a24f2cb9f4d7188748e76ba4bb5edfa3cb7d1c",
                "sha256:f7b7ce16570fe9965acd6d30101a28f62fb4a7f9e926b3bbc9b61f8b04247e72"
            ],
            "version": "==19.3.0"
        },
        "automat": {
            "hashes": [
                "sha256:269a09dfb063a3b078983f4976d83f0a0d3e6e7aaf8e27d8df1095e09dc4a484",
                "sha256:81c93c55d2742c55e74e6497a48e048a859fa01d7aa0b91a032be432229837e2"
            ],
            "version": "==0.8.0"
        },
        "beaker": {
            "hashes": [
                "sha256:ad5d1c05027ee3be3a482ea39f8cb70339b41e5d6ace0cb861382754076d187e"
            ],
            "index": "pypi",
            "version": "==1.11.0"
        },
        "beautifulsoup4": {
            "hashes": [
                "sha256:5279c36b4b2ec2cb4298d723791467e3000e5384a43ea0cdf5d45207c7e97169",
                "sha256:6135db2ba678168c07950f9a16c4031822c6f4aec75a65e0a97bc5ca09789931",
                "sha256:dcdef580e18a76d54002088602eba453eec38ebbcafafeaabd8cab12b6155d57"
            ],
            "index": "pypi",
            "version": "==4.8.1"
        },
        "certifi": {
            "hashes": [
                "sha256:017c25db2a153ce562900032d5bc68e9f191e44e9a0f762f373977de9df1fbb3",
                "sha256:25b64c7da4cd7479594d035c08c2d809eb4aab3a26e5a990ea98cc450c320f1f"
            ],
            "version": "==2019.11.28"
        },
        "cffi": {
            "hashes": [
                "sha256:001bf3242a1bb04d985d63e138230802c6c8d4db3668fb545fb5005ddf5bb5ff",
                "sha256:00789914be39dffba161cfc5be31b55775de5ba2235fe49aa28c148236c4e06b",
                "sha256:028a579fc9aed3af38f4892bdcc7390508adabc30c6af4a6e4f611b0c680e6ac",
                "sha256:14491a910663bf9f13ddf2bc8f60562d6bc5315c1f09c704937ef17293fb85b0",
                "sha256:1cae98a7054b5c9391eb3249b86e0e99ab1e02bb0cc0575da191aedadbdf4384",
                "sha256:2089ed025da3919d2e75a4d963d008330c96751127dd6f73c8dc0c65041b4c26",
                "sha256:2d384f4a127a15ba701207f7639d94106693b6cd64173d6c8988e2c25f3ac2b6",
                "sha256:337d448e5a725bba2d8293c48d9353fc68d0e9e4088d62a9571def317797522b",
                "sha256:399aed636c7d3749bbed55bc907c3288cb43c65c4389964ad5ff849b6370603e",
                "sha256:3b911c2dbd4f423b4c4fcca138cadde747abdb20d196c4a48708b8a2d32b16dd",
                "sha256:3d311bcc4a41408cf5854f06ef2c5cab88f9fded37a3b95936c9879c1640d4c2",
                "sha256:62ae9af2d069ea2698bf536dcfe1e4eed9090211dbaafeeedf5cb6c41b352f66",
                "sha256:66e41db66b47d0d8672d8ed2708ba91b2f2524ece3dee48b5dfb36be8c2f21dc",
                "sha256:675686925a9fb403edba0114db74e741d8181683dcf216be697d208857e04ca8",
                "sha256:7e63cbcf2429a8dbfe48dcc2322d5f2220b77b2e17b7ba023d6166d84655da55",
                "sha256:8a6c688fefb4e1cd56feb6c511984a6c4f7ec7d2a1ff31a10254f3c817054ae4",
                "sha256:8c0ffc886aea5df6a1762d0019e9cb05f825d0eec1f520c51be9d198701daee5",
                "sha256:95cd16d3dee553f882540c1ffe331d085c9e629499ceadfbda4d4fde635f4b7d",
                "sha256:99f748a7e71ff382613b4e1acc0ac83bf7ad167fb3802e35e90d9763daba4d78",
                "sha256:b8c78301cefcf5fd914aad35d3c04c2b21ce8629b5e4f4e45ae6812e461910fa",
                "sha256:c420917b188a5582a56d8b93bdd8e0f6eca08c84ff623a4c16e809152cd35793",
                "sha256:c43866529f2f06fe0edc6246eb4faa34f03fe88b64a0a9a942561c8e22f4b71f",
                "sha256:cab50b8c2250b46fe738c77dbd25ce017d5e6fb35d3407606e7a4180656a5a6a",
                "sha256:cef128cb4d5e0b3493f058f10ce32365972c554572ff821e175dbc6f8ff6924f",
                "sha256:cf16e3cf6c0a5fdd9bc10c21687e19d29ad1fe863372b5543deaec1039581a30",
                "sha256:e56c744aa6ff427a607763346e4170629caf7e48ead6921745986db3692f987f",
                "sha256:e577934fc5f8779c554639376beeaa5657d54349096ef24abe8c74c5d9c117c3",
                "sha256:f2b0fa0c01d8a0c7483afd9f31d7ecf2d71760ca24499c8697aeb5ca37dc090c"
            ],
            "version": "==1.14.0"
        },
        "chardet": {
            "hashes": [
                "sha256:84ab92ed1c4d4f16916e05906b6b75a6c0fb5db821cc65e70cbd64a3e2a5eaae",
                "sha256:fc323ffcaeaed0e0a02bf4d117757b98aed530d9ed4531e3e15460124c106691"
            ],
            "version": "==3.0.4"
        },
        "constantly": {
            "hashes": [
                "sha256:586372eb92059873e29eba4f9dec8381541b4d3834660707faf8ba59146dfc35",
                "sha256:dd2fa9d6b1a51a83f0d7dd76293d734046aa176e384bf6e33b7e44880eb37c5d"
            ],
            "version": "==15.1.0"
        },
        "coverage": {
            "hashes": [
                "sha256:03481e81d558d30d230bc12999e3edffe392d244349a90f4ef9b88425fac74ba",
                "sha256:0b136648de27201056c1869a6c0d4e23f464750fd9a9ba9750b8336a244429ed",
                "sha256:0bf8cbbd71adfff0ef1f3a1531e6402d13b7b01ac50a79c97ca15f030dba6306",
                "sha256:10a46017fef60e16694a30627319f38a2b9b52e90182dddb6e37dcdab0f4bf95",
                "sha256:198626739a79b09fa0a2f06e083ffd12eb55449b5f8bfdbeed1df4910b2ca640",
                "sha256:23d341cdd4a0371820eb2b0bd6b88f5003a7438bbedb33688cd33b8eae59affd",
                "sha256:28b2191e7283f4f3568962e373b47ef7f0392993bb6660d079c62bd50fe9d162",
                "sha256:2a5b73210bad5279ddb558d9a2bfedc7f4bf6ad7f3c988641d83c40293deaec1",
                "sha256:2eb564bbf7816a9d68dd3369a510be3327f1c618d2357fa6b1216994c2e3d508",
                "sha256:337ded681dd2ef9ca04ef5d93cfc87e52e09db2594c296b4a0a3662cb1b41249",
                "sha256:3a2184c6d797a125dca8367878d3b9a178b6fdd05fdc2d35d758c3006a1cd694",
                "sha256:3c79a6f7b95751cdebcd9037e4d06f8d5a9b60e4ed0cd231342aa8ad7124882a",
                "sha256:3d72c20bd105022d29b14a7d628462ebdc61de2f303322c0212a054352f3b287",
                "sha256:3eb42bf89a6be7deb64116dd1cc4b08171734d721e7a7e57ad64cc4ef29ed2f1",
                "sha256:4635a184d0bbe537aa185a34193898eee409332a8ccb27eea36f262566585000",
                "sha256:56e448f051a201c5ebbaa86a5efd0ca90d327204d8b059ab25ad0f35fbfd79f1",
                "sha256:5a13ea7911ff5e1796b6d5e4fbbf6952381a611209b736d48e675c2756f3f74e",
                "sha256:69bf008a06b76619d3c3f3b1983f5145c75a305a0fea513aca094cae5c40a8f5",
                "sha256:6bc583dc18d5979dc0f6cec26a8603129de0304d5ae1f17e57a12834e7235062",
                "sha256:701cd6093d63e6b8ad7009d8a92425428bc4d6e7ab8d75efbb665c806c1d79ba",
                "sha256:7608a3dd5d73cb06c531b8925e0ef8d3de31fed2544a7de6c63960a1e73ea4bc",
                "sha256:76ecd006d1d8f739430ec50cc872889af1f9c1b6b8f48e29941814b09b0fd3cc",
                "sha256:7aa36d2b844a3e4a4b356708d79fd2c260281a7390d678a10b91ca595ddc9e99",
                "sha256:7d3f553904b0c5c016d1dad058a7554c7ac4c91a789fca496e7d8347ad040653",
                "sha256:7e1fe19bd6dce69d9fd159d8e4a80a8f52101380d5d3a4d374b6d3eae0e5de9c",
                "sha256:8c3cb8c35ec4d9506979b4cf90ee9918bc2e49f84189d9bf5c36c0c1119c6558",
                "sha256:9d6dd10d49e01571bf6e147d3b505141ffc093a06756c60b053a859cb2128b1f",
                "sha256:be6cfcd8053d13f5f5eeb284aa8a814220c3da1b0078fa859011c7fffd86dab9",
                "sha256:c1bb572fab8208c400adaf06a8133ac0712179a334c09224fb11393e920abcdd",
                "sha256:de4418dadaa1c01d497e539210cb6baa015965526ff5afc078c57ca69160108d",
                "sha256:e05cb4d9aad6233d67e0541caa7e511fa4047ed7750ec2510d466e806e0255d6",
                "sha256:f05a636b4564104120111800021a92e43397bc12a5c72fed7036be8556e0029e",
                "sha256:f3f501f345f24383c0000395b26b726e46758b71393267aeae0bd36f8b3ade80"
            ],
            "version": "==4.5.1"
        },
        "coveralls": {
            "hashes": [
                "sha256:32569a43c9dbc13fa8199247580a4ab182ef439f51f65bb7f8316d377a1340e8",
                "sha256:664794748d2e5673e347ec476159a9d87f43e0d2d44950e98ed0e27b98da8346"
            ],
            "version": "==1.3.0"
        },
        "cryptography": {
            "hashes": [
                "sha256:02079a6addc7b5140ba0825f542c0869ff4df9a69c360e339ecead5baefa843c",
                "sha256:1df22371fbf2004c6f64e927668734070a8953362cd8370ddd336774d6743595",
                "sha256:369d2346db5934345787451504853ad9d342d7f721ae82d098083e1f49a582ad",
                "sha256:3cda1f0ed8747339bbdf71b9f38ca74c7b592f24f65cdb3ab3765e4b02871651",
                "sha256:44ff04138935882fef7c686878e1c8fd80a723161ad6a98da31e14b7553170c2",
                "sha256:4b1030728872c59687badcca1e225a9103440e467c17d6d1730ab3d2d64bfeff",
                "sha256:58363dbd966afb4f89b3b11dfb8ff200058fbc3b947507675c19ceb46104b48d",
                "sha256:6ec280fb24d27e3d97aa731e16207d58bd8ae94ef6eab97249a2afe4ba643d42",
                "sha256:7270a6c29199adc1297776937a05b59720e8a782531f1f122f2eb8467f9aab4d",
                "sha256:73fd30c57fa2d0a1d7a49c561c40c2f79c7d6c374cc7750e9ac7c99176f6428e",
                "sha256:7f09806ed4fbea8f51585231ba742b58cbcfbfe823ea197d8c89a5e433c7e912",
                "sha256:90df0cc93e1f8d2fba8365fb59a858f51a11a394d64dbf3ef844f783844cc793",
                "sha256:971221ed40f058f5662a604bd1ae6e4521d84e6cad0b7b170564cc34169c8f13",
                "sha256:a518c153a2b5ed6b8cc03f7ae79d5ffad7315ad4569b2d5333a13c38d64bd8d7",
                "sha256:b0de590a8b0979649ebeef8bb9f54394d3a41f66c5584fff4220901739b6b2f0",
                "sha256:b43f53f29816ba1db8525f006fa6f49292e9b029554b3eb56a189a70f2a40879",
                "sha256:d31402aad60ed889c7e57934a03477b572a03af7794fa8fb1780f21ea8f6551f",
                "sha256:de96157ec73458a7f14e3d26f17f8128c959084931e8997b9e655a39c8fde9f9",
                "sha256:df6b4dca2e11865e6cfbfb708e800efb18370f5a46fd601d3755bc7f85b3a8a2",
                "sha256:ecadccc7ba52193963c0475ac9f6fa28ac01e01349a2ca48509667ef41ffd2cf",
                "sha256:fb81c17e0ebe3358486cd8cc3ad78adbae58af12fc2bf2bc0bb84e8090fa5ce8"
            ],
            "version": "==2.8"
        },
        "cssselect": {
            "hashes": [
                "sha256:f612ee47b749c877ebae5bb77035d8f4202c6ad0f0fc1271b3c18ad6c4468ecf",
                "sha256:f95f8dedd925fd8f54edb3d2dfb44c190d9d18512377d3c1e2388d16126879bc"
            ],
            "version": "==1.1.0"
        },
        "daterangeparser": {
            "hashes": [
                "sha256:323e43084f9adfe9f5ac5c40e16397929ead465ff51fed5b69a0e18c0432a06a",
                "sha256:d193d690d67951ee5f6f586b82c7491dcc2426da8eda09f742dbe6e455644972"
            ],
            "index": "pypi",
            "version": "==1.3.2"
        },
        "docopt": {
            "hashes": [
                "sha256:49b3a825280bd66b3aa83585ef59c4a8c82f2c8a522dbe754a8bc8d08c85c491"
            ],
            "version": "==0.6.2"
        },
        "feedparser": {
            "hashes": [
                "sha256:bd030652c2d08532c034c27fcd7c85868e7fa3cb2b17f230a44a6bbc92519bf9",
                "sha256:cd2485472e41471632ed3029d44033ee420ad0b57111db95c240c9160a85831c",
                "sha256:ce875495c90ebd74b179855449040003a1beb40cd13d5f037a0654251e260b02"
            ],
            "index": "pypi",
            "version": "==5.2.1"
        },
        "future": {
            "hashes": [
                "sha256:b1bead90b70cf6ec3f0710ae53a525360fa360d306a86583adc6bf83a4db537d"
            ],
            "version": "==0.18.2"
        },
        "hyperlink": {
            "hashes": [
                "sha256:4288e34705da077fada1111a24a0aa08bb1e76699c9ce49876af722441845654",
                "sha256:ab4a308feb039b04f855a020a6eda3b18ca5a68e6d8f8c899cbe9e653721d04f"
            ],
            "version": "==19.0.0"
        },
        "icalendar": {
            "hashes": [
                "sha256:07c2447a1d44cbb27c90b8c6a5c98e890cc1853c6223e2a52195cddec26c6356",
                "sha256:83f7248b7485ddd29c7d69b706b21c441e34855d9c1d888939fd24aefdd9d19b"
            ],
            "index": "pypi",
            "version": "==4.0.3"
        },
        "idna": {
            "hashes": [
                "sha256:c357b3f628cf53ae2c4c05627ecc484553142ca23264e593d327bcde5e9c3407",
                "sha256:ea8b7f6188e6fa117537c3df7da9fc686d485087abf6ac197f9c46432f7e4a3c"
            ],
            "version": "==2.8"
        },
        "incremental": {
            "hashes": [
                "sha256:717e12246dddf231a349175f48d74d93e2897244939173b01974ab6661406b9f",
                "sha256:7b751696aaf36eebfab537e458929e194460051ccad279c72b755a167eebd4b3"
            ],
            "version": "==17.5.0"
        },
        "lxml": {
            "hashes": [
                "sha256:06d4e0bbb1d62e38ae6118406d7cdb4693a3fa34ee3762238bcb96c9e36a93cd",
                "sha256:0701f7965903a1c3f6f09328c1278ac0eee8f56f244e66af79cb224b7ef3801c",
                "sha256:1f2c4ec372bf1c4a2c7e4bb20845e8bcf8050365189d86806bad1e3ae473d081",
                "sha256:4235bc124fdcf611d02047d7034164897ade13046bda967768836629bc62784f",
                "sha256:5828c7f3e615f3975d48f40d4fe66e8a7b25f16b5e5705ffe1d22e43fb1f6261",
                "sha256:585c0869f75577ac7a8ff38d08f7aac9033da2c41c11352ebf86a04652758b7a",
                "sha256:5d467ce9c5d35b3bcc7172c06320dddb275fea6ac2037f72f0a4d7472035cea9",
                "sha256:63dbc21efd7e822c11d5ddbedbbb08cd11a41e0032e382a0fd59b0b08e405a3a",
                "sha256:7bc1b221e7867f2e7ff1933165c0cec7153dce93d0cdba6554b42a8beb687bdb",
                "sha256:8620ce80f50d023d414183bf90cc2576c2837b88e00bea3f33ad2630133bbb60",
                "sha256:8a0ebda56ebca1a83eb2d1ac266649b80af8dd4b4a3502b2c1e09ac2f88fe128",
                "sha256:90ed0e36455a81b25b7034038e40880189169c308a3df360861ad74da7b68c1a",
                "sha256:95e67224815ef86924fbc2b71a9dbd1f7262384bca4bc4793645794ac4200717",
                "sha256:afdb34b715daf814d1abea0317b6d672476b498472f1e5aacbadc34ebbc26e89",
                "sha256:b4b2c63cc7963aedd08a5f5a454c9f67251b1ac9e22fd9d72836206c42dc2a72",
                "sha256:d068f55bda3c2c3fcaec24bd083d9e2eede32c583faf084d6e4b9daaea77dde8",
                "sha256:d5b3c4b7edd2e770375a01139be11307f04341ec709cf724e0f26ebb1eef12c3",
                "sha256:deadf4df349d1dcd7b2853a2c8796593cc346600726eff680ed8ed11812382a7",
                "sha256:df533af6f88080419c5a604d0d63b2c33b1c0c4409aba7d0cb6de305147ea8c8",
                "sha256:e4aa948eb15018a657702fee0b9db47e908491c64d36b4a90f59a64741516e77",
                "sha256:e5d842c73e4ef6ed8c1bd77806bf84a7cb535f9c0cf9b2c74d02ebda310070e1",
                "sha256:ebec08091a22c2be870890913bdadd86fcd8e9f0f22bcb398abd3af914690c15",
                "sha256:edc15fcfd77395e24543be48871c251f38132bb834d9fdfdad756adb6ea37679",
                "sha256:f2b74784ed7e0bc2d02bd53e48ad6ba523c9b36c194260b7a5045071abbb1012",
                "sha256:fa071559f14bd1e92077b1b5f6c22cf09756c6de7139370249eb372854ce51e6",
                "sha256:fd52e796fee7171c4361d441796b64df1acfceb51f29e545e812f16d023c4bbc",
                "sha256:fe976a0f1ef09b3638778024ab9fb8cde3118f203364212c198f71341c0715ca"
            ],
            "markers": "python_version != '3.4'",
            "version": "==4.5.0"
        },
        "more-itertools": {
            "hashes": [
                "sha256:5dd8bcf33e5f9513ffa06d5ad33d78f31e1931ac9a18f33d37e77a180d393a7c",
                "sha256:b1ddb932186d8a6ac451e1d95844b382f55e12686d51ca0c68b6f61f2ab7a507"
            ],
            "version": "==8.2.0"
        },
        "parsel": {
            "hashes": [
                "sha256:4da4262ba4605573b6b72a5f557616a2fc9dee7a47a1efad562752a28d366723",
                "sha256:74f8e9d3b345b14cb1416bd777a03982cde33a74d8b32e0c71e651d07d41d40a"
            ],
            "version": "==1.5.2"
        },
        "pluggy": {
            "hashes": [
                "sha256:15b2acde666561e1298d71b523007ed7364de07029219b604cf808bfa1c765b0",
                "sha256:966c145cd83c96502c3c3868f50408687b38434af77734af1e9ca461a4081d2d"
            ],
            "version": "==0.13.1"
        },
        "probableparsing": {
            "hashes": [
                "sha256:509df25fdda4fd7c0b2a100f58cc971bd23daf26f3b3320aebf2616d2e10c69e",
                "sha256:8114bbf889e1f9456fe35946454c96e42a6ee2673a90d4f1f9c46a406f543767"
            ],
            "version": "==0.0.1"
        },
        "protego": {
            "hashes": [
                "sha256:a682771bc7b51b2ff41466460896c1a5a653f9a1e71639ef365a72e66d8734b4"
            ],
            "version": "==0.1.16"
        },
        "py": {
            "hashes": [
                "sha256:5e27081401262157467ad6e7f851b7aa402c5852dbcb3dae06768434de5752aa",
                "sha256:c20fdd83a5dbc0af9efd622bee9a5564e278f6380fffcacc43ba6f43db2813b0"
            ],
            "version": "==1.8.1"
        },
        "pyasn1": {
            "hashes": [
                "sha256:39c7e2ec30515947ff4e87fb6f456dfc6e84857d34be479c9d4a4ba4bf46aa5d",
                "sha256:aef77c9fb94a3ac588e87841208bdec464471d9871bd5050a287cc9a475cd0ba"
            ],
            "version": "==0.4.8"
        },
        "pyasn1-modules": {
            "hashes": [
                "sha256:905f84c712230b2c592c19470d3ca8d552de726050d1d1716282a1f6146be65e",
                "sha256:a50b808ffeb97cb3601dd25981f6b016cbb3d31fbf57a8b8a87428e6158d0c74"
            ],
            "version": "==0.2.8"
        },
        "pycparser": {
            "hashes": [
                "sha256:a988718abfad80b6b157acce7bf130a30876d27603738ac39f140993246b25b3"
            ],
            "version": "==2.19"
        },
        "pydispatcher": {
            "hashes": [
                "sha256:5570069e1b1769af1fe481de6dd1d3a388492acddd2cdad7a3bde145615d5caf",
                "sha256:5be4a8be12805ef7d712dd9a93284fb8bc53f309867e573f653a72e5fd10e433"
            ],
            "version": "==2.0.5"
        },
        "pyhamcrest": {
            "hashes": [
                "sha256:36cda5e849e3ee9ce54628667471e5e769f596259bb3c13c3596f6059a615ef8",
                "sha256:5959cb4ab465b303522d2e0d270a6ee581c3ad9ba419e304bb6ebe50a60ea37a"
            ],
            "version": "==2.0.0"
        },
        "pyopenssl": {
            "hashes": [
                "sha256:621880965a720b8ece2f1b2f54ea2071966ab00e2970ad2ce11d596102063504",
                "sha256:9a24494b2602aaf402be5c9e30a0b82d4a5c67528fe8fb475e3f3bc00dd69507"
            ],
            "version": "==19.1.0"
        },
        "pyparsing": {
            "hashes": [
                "sha256:4c830582a84fb022400b85429791bc551f1f4871c33f23e44f353119e92f969f",
                "sha256:c342dccb5250c08d45fd6f8b4a559613ca603b57498511740e65cd11a2e7dcec"
            ],
            "version": "==2.4.6"
        },
        "pytest": {
            "hashes": [
                "sha256:86a8dbf407e437351cef4dba46736e9c5a6e3c3ac71b2e942209748e76ff2086",
                "sha256:e74466e97ac14582a8188ff4c53e6cc3810315f342f6096899332ae864c1d432"
            ],
            "version": "==3.7.1"
        },
        "pytest-cov": {
            "hashes": [
                "sha256:03aa752cf11db41d281ea1d807d954c4eda35cfa1b21d6971966cc041bbf6e2d",
                "sha256:890fe5565400902b0c78b5357004aab1c814115894f4f21370e2433256a3eeec"
            ],
            "version": "==2.5.1"
        },
        "python-crfsuite": {
            "hashes": [
                "sha256:138f26301af254e87892ae1cf582503e638d1864ff67457f67eb5278bcececac",
                "sha256:155f7329ba87bfc6fae47871ba4e59d3d897ac18f49c6b99e612fc74fd50ed32",
                "sha256:1a53550d506fc1c77720267204e54d1f3e4affa75c558d9718cfdd65e9413715",
                "sha256:277e96bc3e5b0ca7317aa3b08da59a9d52ea25b4faf4276952de7b233da0d2fd",
                "sha256:3791d430e09d76e972a0eb7fde79a23a6517ddfe69b74375703261929d9cd331",
                "sha256:50075a8c6c4a72e1c90978cca618e1f9e43a695ec42da6f515ff62490e44a805",
                "sha256:50969893f2e61287863e529ed8ef4495b81046dd652f1bfc2f4738ab73c37091",
                "sha256:604c1e00bf48a33291ee4a325fbe188f9a934cb4729c93695994125460329040",
                "sha256:65b68da29e565cae25ad3b0ac72316eda2f7b2e1e8b97960ece84af972e16b97",
                "sha256:6aaa526be8158c31814baad1d0175d97c345c57436ca19165fde717361ddd64d",
                "sha256:73b2cddb591097e89a795a53e3c2642cdcbcbf50497fb26a57564212e273d95c",
                "sha256:85ffa9cb7c8df3d66925904000b3f35980c9d17a4a2a0ff3c18de91dfb3ae3d9",
                "sha256:87ad5718050185f087a4c6ab223a5d5d842f9eeda7f4500762c64a0e7c42ba68",
                "sha256:88256c0bb76d2178ea4060dcc97096612dee4c8d929cbc604bfc98a48ca9311f",
                "sha256:91e6a0e01056dccee56cdfb75e5e461af7247c52918a2c69c1512173c182e40d",
                "sha256:98d5b16dfcebbb87d71cdec6b72d6c84d5522770f1880e15487db973afb6b2e6",
                "sha256:a56d2b38e257614b1006c04fb9b0e22c63a177add487e5a64e8eb61f038342cd",
                "sha256:ac97939a6cd23a5357c3e496410da6922aef4a62ad1e4833e9252f4b2a080952",
                "sha256:ad8d81483503c1f62a050b87617032be1a1a2710836990cf190a03ac547f929d",
                "sha256:b1e3e355773c621f4499d3531ecf25aafee62005ee5bb76f6f413af66df712b9",
                "sha256:bd88d24d930d8fe4b9050a2171a965f85cae3d0eae0edcc20efe50d05aa74a66",
                "sha256:c2f638bdc1913e37339292351a8e81710b89c2fb6fd87489c88e3bb0e85a6b96",
                "sha256:cee79c713892b89a02f8213e62c270039718b2d909cc2f994c86f5f12f3537c6",
                "sha256:d13b0b6cfd754243ebeda8c601ce6388d76e2a8c3dbadf9ece217e290345ea31",
                "sha256:e42b33e698d054cb844cbb5bdcd5113e4938466888cccd7697a269a8008b94cd",
                "sha256:e477f3efbf34f5233df001c570e5552e492160c6ded803138208cd6391793d26",
                "sha256:f0f9dce13ddbdf1b1bba7b8b8eadaa87819cdbbe511f2240ac9f63c7753a1da8",
                "sha256:fd638f3aebbdc05299f7abd443419bce9d9df18637787576036a45e04cdb0817"
            ],
            "version": "==0.9.6"
        },
        "python-dateutil": {
            "hashes": [
                "sha256:7e6584c74aeed623791615e26efd690f29817a27c73085b78e4bad02493df2fb",
                "sha256:c89805f6f4d64db21ed966fda138f8a5ed7a4fdbc1a8ee329ce1b74e3c74da9e"
            ],
            "index": "pypi",
            "version": "==2.8.0"
        },
        "pytz": {
            "hashes": [
                "sha256:1c557d7d0e871de1f5ccd5833f60fb2550652da6be2693c1e02300743d21500d",
                "sha256:b02c06db6cf09c12dd25137e563b31700d3b80fcc4ad23abb7a315f2789819be"
            ],
            "version": "==2019.3"
        },
        "queuelib": {
            "hashes": [
                "sha256:42b413295551bdc24ed9376c1a2cd7d0b1b0fa4746b77b27ca2b797a276a1a17",
                "sha256:ff43b5b74b9266f8df4232a8f768dc4d67281a271905e2ed4a3689d4d304cd02"
            ],
            "version": "==1.5.0"
        },
        "requests": {
            "hashes": [
                "sha256:11e007a8a2aa0323f5a921e9e6a2d7e4e67d9877e85773fba9ba6419025cbeb4",
                "sha256:9cf5292fcd0f598c671cfc1e0d7d1a7f13bb8085e9a590f48c010551dc6c4b31"
            ],
            "index": "pypi",
            "version": "==2.22.0"
        },
        "scrapy": {
            "hashes": [
                "sha256:4352c64c7ffc70148a7988db837bb25bccafb3350ab9c978c1f9a8930521959b",
                "sha256:fe06576f9a4971de9dc0175c60fd92561e8275f2bad585c1cb5d65c5181b2db0"
            ],
            "index": "pypi",
            "version": "==1.8.0"
        },
        "scrapy-splash": {
            "hashes": [
                "sha256:089188b11202813b14b88d3be008641a2b3d36e82fadd4a6c61f0af59b66e7b5",
                "sha256:71ac958370f8732fec746a25a8235b03a4d3c4c93a59be51aa8e910a08cfe511"
            ],
            "index": "pypi",
            "version": "==0.7.2"
        },
        "scrapyd": {
            "hashes": [
                "sha256:7887b2b6d1d84291528cb65b6a2cce95d630e027c32330e72a5aa16710a6c3cb",
                "sha256:9afff46957794618daea93046bca58576d06c1a32b290134c051235971c32a9c"
            ],
            "index": "pypi",
            "version": "==1.2.1"
        },
        "scrapyd-client": {
            "hashes": [
                "sha256:caa0f5369c2e1efa7b79c309afb9819b2518870c5f4f2caf84d3e474cd6a9890",
                "sha256:e547475c5c8dbd811e2cc4141a0e7b4ba47600e9980c59df4f831bb60b94e4cb"
            ],
            "index": "pypi",
            "version": "==1.1.0"
        },
        "service-identity": {
            "hashes": [
                "sha256:001c0707759cb3de7e49c078a7c0c9cd12594161d3bf06b9c254fdcb1a60dc36",
                "sha256:0858a54aabc5b459d1aafa8a518ed2081a285087f349fe3e55197989232e2e2d"
            ],
            "version": "==18.1.0"
        },
        "six": {
            "hashes": [
                "sha256:236bdbdce46e6e6a3d61a337c0f8b763ca1e8717c03b369e87a7ec7ce1319c0a",
                "sha256:8f3cd2e254d8f793e7f3d6d9df77b92252b52637291d0f0da013c76ea2724b6c"
            ],
            "version": "==1.14.0"
        },
        "soupsieve": {
            "hashes": [
                "sha256:bdb0d917b03a1369ce964056fc195cfdff8819c40de04695a80bc813c3cfa1f5",
                "sha256:e2c1c5dee4a1c36bcb790e0fabd5492d874b8ebd4617622c4f6a731701060dda"
            ],
            "version": "==1.9.5"
        },
        "timefhuman": {
            "editable": true,
            "git": "https://github.com/alvinwan/timefhuman",
            "ref": "2595375dd7793c0760663a24f420dfb2d12673ff"
        },
        "twisted": {
            "hashes": [
                "sha256:0f39698c2aac318032ed4fe95e28ee2bd7d72327c2f6927139811ad403770885",
                "sha256:1f0919a0363b4fbed5def5315383db36fd581464bca80290764f8c4465e91c04",
                "sha256:257dbc78e72bc69c2970035fc74df54b04573d5ddd380251a8a23f74d619db03",
                "sha256:3f651c52ad78cc5a643f61e3b786a6b5c9b4ee68eced975c04fdf6b02026f470",
                "sha256:58b581ae4eee5a831aac9d03edc331d662fa028f601015bb3df47f8704bfe876",
                "sha256:611ef7696d406605962d9a7b040d357f3e91df20cf75c0b06e350947f541538b",
                "sha256:6338e5b987e95c94360acb14e78b41097be9b45d44d15a68060db9c3bf89e102",
                "sha256:7394ba7f272ae722a74f3d969dcf599bc4ef093bc392038748a490f1724a515d",
                "sha256:776c65270b57ac074d5b7a471142f434b0ac5a8b39d9c974769c855c32abfd91",
                "sha256:8b2f7f4dded5ad02931bed38042e55329d1e4919b63078f5a29f05502a163f1d",
                "sha256:97f8a76632bf051a27179337fe937df315920a08e9bd146126e0126629db3721",
                "sha256:a1de7598ce977943b3edbcc0a7d2112f134cc1b98b2fd7e348ee9e0bef092e50",
                "sha256:d145c418a46f8a7021030a3246b9e5111f64531278e5252f2073f23c1661c8be",
                "sha256:d53e1f883bc429b14fd2999d355352974f9d7b4ae7554154bbfe3f90aecede5f",
                "sha256:d9037ff5e07909b1d31f81db71a3bbc8227ba1ed20c87332bdb2eb48e55f326e",
                "sha256:ef1396d1680d6a1ae6dff293d778755c8e10d471f286aff678877b2cee235d42",
                "sha256:f1fe9139fdcf7721d308e36c51cf975474678a8241a9799af02a7bb1c531b722",
                "sha256:f28355e61ce0b5c1ce47784522022322cc5059c8ed80638e0caae8c7301e1705",
                "sha256:f7cc56a45c983e4e48601fbeec879b62c740cb848c75164f69a48ac0c6e8a21c"
            ],
            "markers": "python_version >= '3.5'",
            "version": "==19.10.0"
        },
        "urllib3": {
            "hashes": [
                "sha256:2f3db8b19923a873b3e5256dc9c2dedfa883e33d87c690d9c7913e1f40673cdc",
                "sha256:87716c2d2a7121198ebcb7ce7cccf6ce5e9ba539041cfbaeecfb641dc0bf6acc"
            ],
            "version": "==1.25.8"
        },
        "usaddress": {
            "hashes": [
                "sha256:1a8ebf62d0cce58d7d8286dde70373c530a9317b6fe1752a4197b75b7d0870e3",
                "sha256:4d66b11fdbec84f18d1bac8614fea2d1be1bb027e55849b5e2c1057bbca17437"
            ],
            "index": "pypi",
            "version": "==0.5.10"
        },
        "w3lib": {
            "hashes": [
                "sha256:847704b837b2b973cddef6938325d466628e6078266bc2e1f7ac49ba85c34823",
                "sha256:8b1854fef570b5a5fc84d960e025debd110485d73fd283580376104762774315"
            ],
            "version": "==1.21.0"
        },
        "zope.interface": {
            "hashes": [
                "sha256:048b16ac882a05bc7ef534e8b9f15c9d7a6c190e24e8938a19b7617af4ed854a",
                "sha256:05816cf8e7407cf62f2ec95c0a5d69ec4fa5741d9ccd10db9f21691916a9a098",
                "sha256:065d6a1ac89d35445168813bed45048ed4e67a4cdfc5a68fdb626a770378869f",
                "sha256:14157421f4121a57625002cc4f48ac7521ea238d697c4a4459a884b62132b977",
                "sha256:18dc895945694f397a0be86be760ff664b790f95d8e7752d5bab80284ff9105d",
                "sha256:1962c9f838bd6ae4075d0014f72697510daefc7e1c7e48b2607df0b6e157989c",
                "sha256:1a67408cacd198c7e6274a19920bb4568d56459e659e23c4915528686ac1763a",
                "sha256:21bf781076dd616bd07cf0223f79d61ab4f45176076f90bc2890e18c48195da4",
                "sha256:21c0a5d98650aebb84efa16ce2c8df1a46bdc4fe8a9e33237d0ca0b23f416ead",
                "sha256:23cfeea25d1e42ff3bf4f9a0c31e9d5950aa9e7c4b12f0c4bd086f378f7b7a71",
                "sha256:24b6fce1fb71abf9f4093e3259084efcc0ef479f89356757780685bd2b06ef37",
                "sha256:24f84ce24eb6b5fcdcb38ad9761524f1ae96f7126abb5e597f8a3973d9921409",
                "sha256:25e0ef4a824017809d6d8b0ce4ab3288594ba283e4d4f94d8cfb81d73ed65114",
                "sha256:2e8fdd625e9aba31228e7ddbc36bad5c38dc3ee99a86aa420f89a290bd987ce9",
                "sha256:2f3bc2f49b67b1bea82b942d25bc958d4f4ea6709b411cb2b6b9718adf7914ce",
                "sha256:35d24be9d04d50da3a6f4d61de028c1dd087045385a0ff374d93ef85af61b584",
                "sha256:35dbe4e8c73003dff40dfaeb15902910a4360699375e7b47d3c909a83ff27cd0",
                "sha256:3dfce831b824ab5cf446ed0c350b793ac6fa5fe33b984305cb4c966a86a8fb79",
                "sha256:3f7866365df5a36a7b8de8056cd1c605648f56f9a226d918ed84c85d25e8d55f",
                "sha256:455cc8c01de3bac6f9c223967cea41f4449f58b4c2e724ec8177382ddd183ab4",
                "sha256:4bb937e998be9d5e345f486693e477ba79e4344674484001a0b646be1d530487",
                "sha256:52303a20902ca0888dfb83230ca3ee6fbe63c0ad1dd60aa0bba7958ccff454d8",
                "sha256:6e0a897d4e09859cc80c6a16a29697406ead752292ace17f1805126a4f63c838",
                "sha256:6e1816e7c10966330d77af45f77501f9a68818c065dec0ad11d22b50a0e212e7",
                "sha256:73b5921c5c6ce3358c836461b5470bf675601c96d5e5d8f2a446951470614f67",
                "sha256:8093cd45cdb5f6c8591cfd1af03d32b32965b0f79b94684cd0c9afdf841982bb",
                "sha256:864b4a94b60db301899cf373579fd9ef92edddbf0fb2cd5ae99f53ef423ccc56",
                "sha256:8a27b4d3ea9c6d086ce8e7cdb3e8d319b6752e2a03238a388ccc83ccbe165f50",
                "sha256:91b847969d4784abd855165a2d163f72ac1e58e6dce09a5e46c20e58f19cc96d",
                "sha256:b47b1028be4758c3167e474884ccc079b94835f058984b15c145966c4df64d27",
                "sha256:b68814a322835d8ad671b7acc23a3b2acecba527bb14f4b53fc925f8a27e44d8",
                "sha256:bcb50a032c3b6ec7fb281b3a83d2b31ab5246c5b119588725b1350d3a1d9f6a3",
                "sha256:c56db7d10b25ce8918b6aec6b08ac401842b47e6c136773bfb3b590753f7fb67",
                "sha256:c94b77a13d4f47883e4f97f9fa00f5feadd38af3e6b3c7be45cfdb0a14c7149b",
                "sha256:db381f6fdaef483ad435f778086ccc4890120aff8df2ba5cfeeac24d280b3145",
                "sha256:e6487d01c8b7ed86af30ea141fcc4f93f8a7dde26f94177c1ad637c353bd5c07",
                "sha256:e86923fa728dfba39c5bb6046a450bd4eec8ad949ac404eca728cfce320d1732",
                "sha256:f6ca36dc1e9eeb46d779869c60001b3065fb670b5775c51421c099ea2a77c3c9",
                "sha256:fb62f2cbe790a50d95593fb40e8cca261c31a2f5637455ea39440d6457c2ba25"
            ],
            "version": "==4.7.1"
        }
    },
    "develop": {
        "astroid": {
            "hashes": [
                "sha256:71ea07f44df9568a75d0f354c49143a4575d90645e9fead6dfb52c26a85ed13a",
                "sha256:840947ebfa8b58f318d42301cf8c0a20fd794a33b61cc4638e28e9e61ba32f42"
            ],
            "version": "==2.3.3"
        },
        "isort": {
            "hashes": [
                "sha256:54da7e92468955c4fceacd0c86bd0ec997b0e1ee80d97f67c35a78b719dccab1",
                "sha256:6e811fcb295968434526407adb8796944f1988c5b65e8139058f2014cbe100fd"
            ],
            "version": "==4.3.21"
        },
        "lazy-object-proxy": {
            "hashes": [
                "sha256:0c4b206227a8097f05c4dbdd323c50edf81f15db3b8dc064d08c62d37e1a504d",
                "sha256:194d092e6f246b906e8f70884e620e459fc54db3259e60cf69a4d66c3fda3449",
                "sha256:1be7e4c9f96948003609aa6c974ae59830a6baecc5376c25c92d7d697e684c08",
                "sha256:4677f594e474c91da97f489fea5b7daa17b5517190899cf213697e48d3902f5a",
                "sha256:48dab84ebd4831077b150572aec802f303117c8cc5c871e182447281ebf3ac50",
                "sha256:5541cada25cd173702dbd99f8e22434105456314462326f06dba3e180f203dfd",
                "sha256:59f79fef100b09564bc2df42ea2d8d21a64fdcda64979c0fa3db7bdaabaf6239",
                "sha256:8d859b89baf8ef7f8bc6b00aa20316483d67f0b1cbf422f5b4dc56701c8f2ffb",
                "sha256:9254f4358b9b541e3441b007a0ea0764b9d056afdeafc1a5569eee1cc6c1b9ea",
                "sha256:9651375199045a358eb6741df3e02a651e0330be090b3bc79f6d0de31a80ec3e",
                "sha256:97bb5884f6f1cdce0099f86b907aa41c970c3c672ac8b9c8352789e103cf3156",
                "sha256:9b15f3f4c0f35727d3a0fba4b770b3c4ebbb1fa907dbcc046a1d2799f3edd142",
                "sha256:a2238e9d1bb71a56cd710611a1614d1194dc10a175c1e08d75e1a7bcc250d442",
                "sha256:a6ae12d08c0bf9909ce12385803a543bfe99b95fe01e752536a60af2b7797c62",
                "sha256:ca0a928a3ddbc5725be2dd1cf895ec0a254798915fb3a36af0964a0a4149e3db",
                "sha256:cb2c7c57005a6804ab66f106ceb8482da55f5314b7fcb06551db1edae4ad1531",
                "sha256:d74bb8693bf9cf75ac3b47a54d716bbb1a92648d5f781fc799347cfc95952383",
                "sha256:d945239a5639b3ff35b70a88c5f2f491913eb94871780ebfabb2568bd58afc5a",
                "sha256:eba7011090323c1dadf18b3b689845fd96a61ba0a1dfbd7f24b921398affc357",
                "sha256:efa1909120ce98bbb3777e8b6f92237f5d5c8ea6758efea36a473e1d38f7d3e4",
                "sha256:f3900e8a5de27447acbf900b4750b0ddfd7ec1ea7fbaf11dfa911141bc522af0"
            ],
            "version": "==1.4.3"
        },
        "mako": {
            "hashes": [
                "sha256:2984a6733e1d472796ceef37ad48c26f4a984bb18119bb2dbc37a44d8f6e75a4"
            ],
            "version": "==1.1.1"
        },
        "markdown": {
            "hashes": [
                "sha256:5ad7180c3ec16422a764568ad6409ec82460c40d1631591fa53d597033cc98bf",
                "sha256:9c71241ec237505535eabff7a38b1307250f16cea174bb1e505c3e032f108867"
            ],
            "version": "==3.2"
        },
        "markupsafe": {
            "hashes": [
                "sha256:00bc623926325b26bb9605ae9eae8a215691f33cae5df11ca5424f06f2d1f473",
                "sha256:09027a7803a62ca78792ad89403b1b7a73a01c8cb65909cd876f7fcebd79b161",
                "sha256:09c4b7f37d6c648cb13f9230d847adf22f8171b1ccc4d5682398e77f40309235",
                "sha256:1027c282dad077d0bae18be6794e6b6b8c91d58ed8a8d89a89d59693b9131db5",
                "sha256:13d3144e1e340870b25e7b10b98d779608c02016d5184cfb9927a9f10c689f42",
                "sha256:24982cc2533820871eba85ba648cd53d8623687ff11cbb805be4ff7b4c971aff",
                "sha256:29872e92839765e546828bb7754a68c418d927cd064fd4708fab9fe9c8bb116b",
                "sha256:43a55c2930bbc139570ac2452adf3d70cdbb3cfe5912c71cdce1c2c6bbd9c5d1",
                "sha256:46c99d2de99945ec5cb54f23c8cd5689f6d7177305ebff350a58ce5f8de1669e",
                "sha256:500d4957e52ddc3351cabf489e79c91c17f6e0899158447047588650b5e69183",
                "sha256:535f6fc4d397c1563d08b88e485c3496cf5784e927af890fb3c3aac7f933ec66",
                "sha256:596510de112c685489095da617b5bcbbac7dd6384aeebeda4df6025d0256a81b",
                "sha256:62fe6c95e3ec8a7fad637b7f3d372c15ec1caa01ab47926cfdf7a75b40e0eac1",
                "sha256:6788b695d50a51edb699cb55e35487e430fa21f1ed838122d722e0ff0ac5ba15",
                "sha256:6dd73240d2af64df90aa7c4e7481e23825ea70af4b4922f8ede5b9e35f78a3b1",
                "sha256:717ba8fe3ae9cc0006d7c451f0bb265ee07739daf76355d06366154ee68d221e",
                "sha256:79855e1c5b8da654cf486b830bd42c06e8780cea587384cf6545b7d9ac013a0b",
                "sha256:7c1699dfe0cf8ff607dbdcc1e9b9af1755371f92a68f706051cc8c37d447c905",
                "sha256:88e5fcfb52ee7b911e8bb6d6aa2fd21fbecc674eadd44118a9cc3863f938e735",
                "sha256:8defac2f2ccd6805ebf65f5eeb132adcf2ab57aa11fdf4c0dd5169a004710e7d",
                "sha256:98c7086708b163d425c67c7a91bad6e466bb99d797aa64f965e9d25c12111a5e",
                "sha256:9add70b36c5666a2ed02b43b335fe19002ee5235efd4b8a89bfcf9005bebac0d",
                "sha256:9bf40443012702a1d2070043cb6291650a0841ece432556f784f004937f0f32c",
                "sha256:ade5e387d2ad0d7ebf59146cc00c8044acbd863725f887353a10df825fc8ae21",
                "sha256:b00c1de48212e4cc9603895652c5c410df699856a2853135b3967591e4beebc2",
                "sha256:b1282f8c00509d99fef04d8ba936b156d419be841854fe901d8ae224c59f0be5",
                "sha256:b2051432115498d3562c084a49bba65d97cf251f5a331c64a12ee7e04dacc51b",
                "sha256:ba59edeaa2fc6114428f1637ffff42da1e311e29382d81b339c1817d37ec93c6",
                "sha256:c8716a48d94b06bb3b2524c2b77e055fb313aeb4ea620c8dd03a105574ba704f",
                "sha256:cd5df75523866410809ca100dc9681e301e3c27567cf498077e8551b6d20e42f",
                "sha256:cdb132fc825c38e1aeec2c8aa9338310d29d337bebbd7baa06889d09a60a1fa2",
                "sha256:e249096428b3ae81b08327a63a485ad0878de3fb939049038579ac0ef61e17e7",
                "sha256:e8313f01ba26fbbe36c7be1966a7b7424942f670f38e666995b88d012765b9be"
            ],
            "version": "==1.1.1"
        },
        "mccabe": {
            "hashes": [
                "sha256:ab8a6258860da4b6677da4bd2fe5dc2c659cff31b3ee4f7f5d64e79735b80d42",
                "sha256:dd8d182285a0fe56bace7f45b5e7d1a6ebcbf524e8f3bd87eb0f125271b8831f"
            ],
            "version": "==0.6.1"
        },
        "pdoc3": {
            "hashes": [
                "sha256:c2cff1fc7a36b45be6e76561b0bd5a5b829ee7c5bb22e6338cfd891d460758c9"
            ],
            "index": "pypi",
            "version": "==0.7.1"
        },
        "ptvsd": {
            "hashes": [
                "sha256:10745fbb788001959b4de405198d8bd5243611a88fb5a2e2c6800245bc0ddd74",
                "sha256:1d3d82ecc82186d099992a748556e6e54037f5c5e4d3fc9bba3e2302354be0d4",
                "sha256:20f48ffed42a6beb879c250d82662e175ad59cc46a29c95c6a4472ae413199c5",
                "sha256:22b699369a18ff28d4d1aa6a452739e50c7b7790cb16c6312d766e023c12fe27",
                "sha256:2bbc121bce3608501998afbe742f02b80e7d26b8fecd38f78b903f22f52a81d9",
                "sha256:3b05c06018fdbce5943c50fb0baac695b5c11326f9e21a5266c854306bda28ab",
                "sha256:3f839fe91d9ddca0d6a3a0afd6a1c824be1768498a737ab9333d084c5c3f3591",
                "sha256:459137736068bb02515040b2ed2738169cb30d69a38e0fd5dffcba255f41e68d",
                "sha256:58508485a1609a495dd45829bd6d219303cf9edef5ca1f01a9ed8ffaa87f390c",
                "sha256:612948a045fcf9c8931cd306972902440278f34de7ca684b49d4caeec9f1ec62",
                "sha256:70260b4591c07bff95566d49b6a5dc3051d8558035c43c847bad9a954def46bb",
                "sha256:72d114baa5737baf29c8068d1ccdd93cbb332d2030601c888eed0e3761b588d7",
                "sha256:90cbd082e7a9089664888d0d94aca760202f080133fca8f3fe65c48ed6b9e39d",
                "sha256:92d26aa7c8f7ffe41cb4b50a00846027027fa17acdf2d9dd8c24de77b25166c6",
                "sha256:b9970e3dc987eb2a6001af6c9d2f726dd6455cfc6d47e0f51925cbdee7ea2157",
                "sha256:c01204e3f025c3f7252c79c1a8a028246d29e3ef339e1a01ddf652999f47bdea",
                "sha256:c893fb9d1c2ef8f980cc00ced3fd90356f86d9f59b58ee97e0e7e622b8860f76",
                "sha256:c97c71835dde7e67fc7b06398bee1c012559a0784ebda9cf8acaf176c7ae766c",
                "sha256:ccc5c533135305709461f545feed5061c608714db38fa0f58e3f848a127b7fde",
                "sha256:cf09fd4d90c4c42ddd9bf853290f1a80bc2128993a3923bd3b96b68cc1acd03f",
                "sha256:d2662ec37ee049c0f8f2f9a378abeb7e570d9215c19eaf0a6d7189464195009f",
                "sha256:d9337ebba4d099698982e090b203e85670086c4b29cf1185b2e45cd353a8053e",
                "sha256:de5234bec74c47da668e1a1a21bcc9821af0cbb28b5153df78cd5abc744b29a2",
                "sha256:eda10ecd43daacc180a6fbe524992be76a877c3559e2b78016b4ada8fec10273",
                "sha256:fad06de012a78f277318d0c308dd3d7cc1f67167f3b2e1e2f7c6caf04c03440c"
            ],
            "index": "pypi",
            "version": "==4.3.2"
        },
        "pylint": {
            "hashes": [
                "sha256:7b76045426c650d2b0f02fc47c14d7934d17898779da95288a74c2a7ec440702",
                "sha256:856476331f3e26598017290fd65bebe81c960e806776f324093a46b76fb2d1c0"
            ],
            "index": "pypi",
            "version": "==2.4.3"
        },
        "six": {
            "hashes": [
                "sha256:236bdbdce46e6e6a3d61a337c0f8b763ca1e8717c03b369e87a7ec7ce1319c0a",
                "sha256:8f3cd2e254d8f793e7f3d6d9df77b92252b52637291d0f0da013c76ea2724b6c"
            ],
            "version": "==1.14.0"
        },
        "wrapt": {
            "hashes": [
                "sha256:565a021fd19419476b9362b05eeaa094178de64f8361e44468f9e9d7843901e1"
            ],
            "version": "==1.11.2"
        }
    }
}
